// !$*UTF8*$!
{
	archiveVersion = 1;
	classes = {
	};
	objectVersion = 50;
	objects = {

/* Begin PBXBuildFile section */
		92B1082D253A9FE0004B9D33 /* AppDelegate.swift in Sources */ = {isa = PBXBuildFile; fileRef = 92B1082C253A9FE0004B9D33 /* AppDelegate.swift */; };
		92B1082F253A9FE0004B9D33 /* SceneDelegate.swift in Sources */ = {isa = PBXBuildFile; fileRef = 92B1082E253A9FE0004B9D33 /* SceneDelegate.swift */; };
		92B10831253A9FE0004B9D33 /* ViewController.swift in Sources */ = {isa = PBXBuildFile; fileRef = 92B10830253A9FE0004B9D33 /* ViewController.swift */; };
		92B10834253A9FE0004B9D33 /* Main.storyboard in Resources */ = {isa = PBXBuildFile; fileRef = 92B10832253A9FE0004B9D33 /* Main.storyboard */; };
		92B10836253A9FE1004B9D33 /* Assets.xcassets in Resources */ = {isa = PBXBuildFile; fileRef = 92B10835253A9FE1004B9D33 /* Assets.xcassets */; };
		92B10839253A9FE1004B9D33 /* LaunchScreen.storyboard in Resources */ = {isa = PBXBuildFile; fileRef = 92B10837253A9FE1004B9D33 /* LaunchScreen.storyboard */; };
		92B10844253A9FE1004B9D33 /* BankAppTests.swift in Sources */ = {isa = PBXBuildFile; fileRef = 92B10843253A9FE1004B9D33 /* BankAppTests.swift */; };
		92B1084F253A9FE1004B9D33 /* BankAppUITests.swift in Sources */ = {isa = PBXBuildFile; fileRef = 92B1084E253A9FE1004B9D33 /* BankAppUITests.swift */; };
/* End PBXBuildFile section */

/* Begin PBXContainerItemProxy section */
		92B10840253A9FE1004B9D33 /* PBXContainerItemProxy */ = {
			isa = PBXContainerItemProxy;
			containerPortal = 92B10821253A9FE0004B9D33 /* Project object */;
			proxyType = 1;
			remoteGlobalIDString = 92B10828253A9FE0004B9D33;
			remoteInfo = BankApp;
		};
		92B1084B253A9FE1004B9D33 /* PBXContainerItemProxy */ = {
			isa = PBXContainerItemProxy;
			containerPortal = 92B10821253A9FE0004B9D33 /* Project object */;
			proxyType = 1;
			remoteGlobalIDString = 92B10828253A9FE0004B9D33;
			remoteInfo = BankApp;
		};
/* End PBXContainerItemProxy section */

/* Begin PBXFileReference section */
		92B10829253A9FE0004B9D33 /* BankApp.app */ = {isa = PBXFileReference; explicitFileType = wrapper.application; includeInIndex = 0; path = BankApp.app; sourceTree = BUILT_PRODUCTS_DIR; };
		92B1082C253A9FE0004B9D33 /* AppDelegate.swift */ = {isa = PBXFileReference; lastKnownFileType = sourcecode.swift; path = AppDelegate.swift; sourceTree = "<group>"; };
		92B1082E253A9FE0004B9D33 /* SceneDelegate.swift */ = {isa = PBXFileReference; lastKnownFileType = sourcecode.swift; path = SceneDelegate.swift; sourceTree = "<group>"; };
		92B10830253A9FE0004B9D33 /* ViewController.swift */ = {isa = PBXFileReference; lastKnownFileType = sourcecode.swift; path = ViewController.swift; sourceTree = "<group>"; };
		92B10833253A9FE0004B9D33 /* Base */ = {isa = PBXFileReference; lastKnownFileType = file.storyboard; name = Base; path = Base.lproj/Main.storyboard; sourceTree = "<group>"; };
		92B10835253A9FE1004B9D33 /* Assets.xcassets */ = {isa = PBXFileReference; lastKnownFileType = folder.assetcatalog; path = Assets.xcassets; sourceTree = "<group>"; };
		92B10838253A9FE1004B9D33 /* Base */ = {isa = PBXFileReference; lastKnownFileType = file.storyboard; name = Base; path = Base.lproj/LaunchScreen.storyboard; sourceTree = "<group>"; };
		92B1083A253A9FE1004B9D33 /* Info.plist */ = {isa = PBXFileReference; lastKnownFileType = text.plist.xml; path = Info.plist; sourceTree = "<group>"; };
		92B1083F253A9FE1004B9D33 /* BankAppTests.xctest */ = {isa = PBXFileReference; explicitFileType = wrapper.cfbundle; includeInIndex = 0; path = BankAppTests.xctest; sourceTree = BUILT_PRODUCTS_DIR; };
		92B10843253A9FE1004B9D33 /* BankAppTests.swift */ = {isa = PBXFileReference; lastKnownFileType = sourcecode.swift; path = BankAppTests.swift; sourceTree = "<group>"; };
		92B10845253A9FE1004B9D33 /* Info.plist */ = {isa = PBXFileReference; lastKnownFileType = text.plist.xml; path = Info.plist; sourceTree = "<group>"; };
		92B1084A253A9FE1004B9D33 /* BankAppUITests.xctest */ = {isa = PBXFileReference; explicitFileType = wrapper.cfbundle; includeInIndex = 0; path = BankAppUITests.xctest; sourceTree = BUILT_PRODUCTS_DIR; };
		92B1084E253A9FE1004B9D33 /* BankAppUITests.swift */ = {isa = PBXFileReference; lastKnownFileType = sourcecode.swift; path = BankAppUITests.swift; sourceTree = "<group>"; };
		92B10850253A9FE1004B9D33 /* Info.plist */ = {isa = PBXFileReference; lastKnownFileType = text.plist.xml; path = Info.plist; sourceTree = "<group>"; };
/* End PBXFileReference section */

/* Begin PBXFrameworksBuildPhase section */
		92B10826253A9FE0004B9D33 /* Frameworks */ = {
			isa = PBXFrameworksBuildPhase;
			buildActionMask = 2147483647;
			files = (
			);
			runOnlyForDeploymentPostprocessing = 0;
		};
		92B1083C253A9FE1004B9D33 /* Frameworks */ = {
			isa = PBXFrameworksBuildPhase;
			buildActionMask = 2147483647;
			files = (
			);
			runOnlyForDeploymentPostprocessing = 0;
		};
		92B10847253A9FE1004B9D33 /* Frameworks */ = {
			isa = PBXFrameworksBuildPhase;
			buildActionMask = 2147483647;
			files = (
			);
			runOnlyForDeploymentPostprocessing = 0;
		};
/* End PBXFrameworksBuildPhase section */

/* Begin PBXGroup section */
		92B10820253A9FE0004B9D33 = {
			isa = PBXGroup;
			children = (
				92B1082B253A9FE0004B9D33 /* BankApp */,
				92B10842253A9FE1004B9D33 /* BankAppTests */,
				92B1084D253A9FE1004B9D33 /* BankAppUITests */,
				92B1082A253A9FE0004B9D33 /* Products */,
			);
			sourceTree = "<group>";
		};
		92B1082A253A9FE0004B9D33 /* Products */ = {
			isa = PBXGroup;
			children = (
				92B10829253A9FE0004B9D33 /* BankApp.app */,
				92B1083F253A9FE1004B9D33 /* BankAppTests.xctest */,
				92B1084A253A9FE1004B9D33 /* BankAppUITests.xctest */,
			);
			name = Products;
			sourceTree = "<group>";
		};
		92B1082B253A9FE0004B9D33 /* BankApp */ = {
			isa = PBXGroup;
			children = (
				92B1082C253A9FE0004B9D33 /* AppDelegate.swift */,
				92B1082E253A9FE0004B9D33 /* SceneDelegate.swift */,
				92B10830253A9FE0004B9D33 /* ViewController.swift */,
				92B10832253A9FE0004B9D33 /* Main.storyboard */,
				92B10835253A9FE1004B9D33 /* Assets.xcassets */,
				92B10837253A9FE1004B9D33 /* LaunchScreen.storyboard */,
				92B1083A253A9FE1004B9D33 /* Info.plist */,
			);
			path = BankApp;
			sourceTree = "<group>";
		};
		92B10842253A9FE1004B9D33 /* BankAppTests */ = {
			isa = PBXGroup;
			children = (
				92B10843253A9FE1004B9D33 /* BankAppTests.swift */,
				92B10845253A9FE1004B9D33 /* Info.plist */,
			);
			path = BankAppTests;
			sourceTree = "<group>";
		};
		92B1084D253A9FE1004B9D33 /* BankAppUITests */ = {
			isa = PBXGroup;
			children = (
				92B1084E253A9FE1004B9D33 /* BankAppUITests.swift */,
				92B10850253A9FE1004B9D33 /* Info.plist */,
			);
			path = BankAppUITests;
			sourceTree = "<group>";
		};
/* End PBXGroup section */

/* Begin PBXNativeTarget section */
		92B10828253A9FE0004B9D33 /* BankApp */ = {
			isa = PBXNativeTarget;
			buildConfigurationList = 92B10853253A9FE1004B9D33 /* Build configuration list for PBXNativeTarget "BankApp" */;
			buildPhases = (
				92B10825253A9FE0004B9D33 /* Sources */,
				92B10826253A9FE0004B9D33 /* Frameworks */,
				92B10827253A9FE0004B9D33 /* Resources */,
			);
			buildRules = (
			);
			dependencies = (
			);
			name = BankApp;
			productName = BankApp;
			productReference = 92B10829253A9FE0004B9D33 /* BankApp.app */;
			productType = "com.apple.product-type.application";
		};
		92B1083E253A9FE1004B9D33 /* BankAppTests */ = {
			isa = PBXNativeTarget;
			buildConfigurationList = 92B10856253A9FE1004B9D33 /* Build configuration list for PBXNativeTarget "BankAppTests" */;
			buildPhases = (
				92B1083B253A9FE1004B9D33 /* Sources */,
				92B1083C253A9FE1004B9D33 /* Frameworks */,
				92B1083D253A9FE1004B9D33 /* Resources */,
			);
			buildRules = (
			);
			dependencies = (
				92B10841253A9FE1004B9D33 /* PBXTargetDependency */,
			);
			name = BankAppTests;
			productName = BankAppTests;
			productReference = 92B1083F253A9FE1004B9D33 /* BankAppTests.xctest */;
			productType = "com.apple.product-type.bundle.unit-test";
		};
		92B10849253A9FE1004B9D33 /* BankAppUITests */ = {
			isa = PBXNativeTarget;
			buildConfigurationList = 92B10859253A9FE1004B9D33 /* Build configuration list for PBXNativeTarget "BankAppUITests" */;
			buildPhases = (
				92B10846253A9FE1004B9D33 /* Sources */,
				92B10847253A9FE1004B9D33 /* Frameworks */,
				92B10848253A9FE1004B9D33 /* Resources */,
			);
			buildRules = (
			);
			dependencies = (
				92B1084C253A9FE1004B9D33 /* PBXTargetDependency */,
			);
			name = BankAppUITests;
			productName = BankAppUITests;
			productReference = 92B1084A253A9FE1004B9D33 /* BankAppUITests.xctest */;
			productType = "com.apple.product-type.bundle.ui-testing";
		};
/* End PBXNativeTarget section */

/* Begin PBXProject section */
		92B10821253A9FE0004B9D33 /* Project object */ = {
			isa = PBXProject;
			attributes = {
				LastSwiftUpdateCheck = 1200;
				LastUpgradeCheck = 1200;
				TargetAttributes = {
					92B10828253A9FE0004B9D33 = {
						CreatedOnToolsVersion = 12.0.1;
					};
					92B1083E253A9FE1004B9D33 = {
						CreatedOnToolsVersion = 12.0.1;
						TestTargetID = 92B10828253A9FE0004B9D33;
					};
					92B10849253A9FE1004B9D33 = {
						CreatedOnToolsVersion = 12.0.1;
						TestTargetID = 92B10828253A9FE0004B9D33;
					};
				};
			};
			buildConfigurationList = 92B10824253A9FE0004B9D33 /* Build configuration list for PBXProject "BankApp" */;
			compatibilityVersion = "Xcode 9.3";
			developmentRegion = en;
			hasScannedForEncodings = 0;
			knownRegions = (
				en,
				Base,
			);
			mainGroup = 92B10820253A9FE0004B9D33;
			productRefGroup = 92B1082A253A9FE0004B9D33 /* Products */;
			projectDirPath = "";
			projectRoot = "";
			targets = (
				92B10828253A9FE0004B9D33 /* BankApp */,
				92B1083E253A9FE1004B9D33 /* BankAppTests */,
				92B10849253A9FE1004B9D33 /* BankAppUITests */,
			);
		};
/* End PBXProject section */

/* Begin PBXResourcesBuildPhase section */
		92B10827253A9FE0004B9D33 /* Resources */ = {
			isa = PBXResourcesBuildPhase;
			buildActionMask = 2147483647;
			files = (
				92B10839253A9FE1004B9D33 /* LaunchScreen.storyboard in Resources */,
				92B10836253A9FE1004B9D33 /* Assets.xcassets in Resources */,
				92B10834253A9FE0004B9D33 /* Main.storyboard in Resources */,
			);
			runOnlyForDeploymentPostprocessing = 0;
		};
		92B1083D253A9FE1004B9D33 /* Resources */ = {
			isa = PBXResourcesBuildPhase;
			buildActionMask = 2147483647;
			files = (
			);
			runOnlyForDeploymentPostprocessing = 0;
		};
		92B10848253A9FE1004B9D33 /* Resources */ = {
			isa = PBXResourcesBuildPhase;
			buildActionMask = 2147483647;
			files = (
			);
			runOnlyForDeploymentPostprocessing = 0;
		};
/* End PBXResourcesBuildPhase section */

/* Begin PBXSourcesBuildPhase section */
		92B10825253A9FE0004B9D33 /* Sources */ = {
			isa = PBXSourcesBuildPhase;
			buildActionMask = 2147483647;
			files = (
				92B10831253A9FE0004B9D33 /* ViewController.swift in Sources */,
				92B1082D253A9FE0004B9D33 /* AppDelegate.swift in Sources */,
				92B1082F253A9FE0004B9D33 /* SceneDelegate.swift in Sources */,
			);
			runOnlyForDeploymentPostprocessing = 0;
		};
		92B1083B253A9FE1004B9D33 /* Sources */ = {
			isa = PBXSourcesBuildPhase;
			buildActionMask = 2147483647;
			files = (
				92B10844253A9FE1004B9D33 /* BankAppTests.swift in Sources */,
			);
			runOnlyForDeploymentPostprocessing = 0;
		};
		92B10846253A9FE1004B9D33 /* Sources */ = {
			isa = PBXSourcesBuildPhase;
			buildActionMask = 2147483647;
			files = (
				92B1084F253A9FE1004B9D33 /* BankAppUITests.swift in Sources */,
			);
			runOnlyForDeploymentPostprocessing = 0;
		};
/* End PBXSourcesBuildPhase section */

/* Begin PBXTargetDependency section */
		92B10841253A9FE1004B9D33 /* PBXTargetDependency */ = {
			isa = PBXTargetDependency;
			target = 92B10828253A9FE0004B9D33 /* BankApp */;
			targetProxy = 92B10840253A9FE1004B9D33 /* PBXContainerItemProxy */;
		};
		92B1084C253A9FE1004B9D33 /* PBXTargetDependency */ = {
			isa = PBXTargetDependency;
			target = 92B10828253A9FE0004B9D33 /* BankApp */;
			targetProxy = 92B1084B253A9FE1004B9D33 /* PBXContainerItemProxy */;
		};
/* End PBXTargetDependency section */

/* Begin PBXVariantGroup section */
		92B10832253A9FE0004B9D33 /* Main.storyboard */ = {
			isa = PBXVariantGroup;
			children = (
				92B10833253A9FE0004B9D33 /* Base */,
			);
			name = Main.storyboard;
			sourceTree = "<group>";
		};
		92B10837253A9FE1004B9D33 /* LaunchScreen.storyboard */ = {
			isa = PBXVariantGroup;
			children = (
				92B10838253A9FE1004B9D33 /* Base */,
			);
			name = LaunchScreen.storyboard;
			sourceTree = "<group>";
		};
/* End PBXVariantGroup section */

/* Begin XCBuildConfiguration section */
		92B10851253A9FE1004B9D33 /* Debug */ = {
			isa = XCBuildConfiguration;
			buildSettings = {
				ALWAYS_SEARCH_USER_PATHS = NO;
				CLANG_ANALYZER_NONNULL = YES;
				CLANG_ANALYZER_NUMBER_OBJECT_CONVERSION = YES_AGGRESSIVE;
				CLANG_CXX_LANGUAGE_STANDARD = "gnu++14";
				CLANG_CXX_LIBRARY = "libc++";
				CLANG_ENABLE_MODULES = YES;
				CLANG_ENABLE_OBJC_ARC = YES;
				CLANG_ENABLE_OBJC_WEAK = YES;
				CLANG_WARN_BLOCK_CAPTURE_AUTORELEASING = YES;
				CLANG_WARN_BOOL_CONVERSION = YES;
				CLANG_WARN_COMMA = YES;
				CLANG_WARN_CONSTANT_CONVERSION = YES;
				CLANG_WARN_DEPRECATED_OBJC_IMPLEMENTATIONS = YES;
				CLANG_WARN_DIRECT_OBJC_ISA_USAGE = YES_ERROR;
				CLANG_WARN_DOCUMENTATION_COMMENTS = YES;
				CLANG_WARN_EMPTY_BODY = YES;
				CLANG_WARN_ENUM_CONVERSION = YES;
				CLANG_WARN_INFINITE_RECURSION = YES;
				CLANG_WARN_INT_CONVERSION = YES;
				CLANG_WARN_NON_LITERAL_NULL_CONVERSION = YES;
				CLANG_WARN_OBJC_IMPLICIT_RETAIN_SELF = YES;
				CLANG_WARN_OBJC_LITERAL_CONVERSION = YES;
				CLANG_WARN_OBJC_ROOT_CLASS = YES_ERROR;
				CLANG_WARN_QUOTED_INCLUDE_IN_FRAMEWORK_HEADER = YES;
				CLANG_WARN_RANGE_LOOP_ANALYSIS = YES;
				CLANG_WARN_STRICT_PROTOTYPES = YES;
				CLANG_WARN_SUSPICIOUS_MOVE = YES;
				CLANG_WARN_UNGUARDED_AVAILABILITY = YES_AGGRESSIVE;
				CLANG_WARN_UNREACHABLE_CODE = YES;
				CLANG_WARN__DUPLICATE_METHOD_MATCH = YES;
				COPY_PHASE_STRIP = NO;
				DEBUG_INFORMATION_FORMAT = dwarf;
				ENABLE_STRICT_OBJC_MSGSEND = YES;
				ENABLE_TESTABILITY = YES;
				GCC_C_LANGUAGE_STANDARD = gnu11;
				GCC_DYNAMIC_NO_PIC = NO;
				GCC_NO_COMMON_BLOCKS = YES;
				GCC_OPTIMIZATION_LEVEL = 0;
				GCC_PREPROCESSOR_DEFINITIONS = (
					"DEBUG=1",
					"$(inherited)",
				);
				GCC_WARN_64_TO_32_BIT_CONVERSION = YES;
				GCC_WARN_ABOUT_RETURN_TYPE = YES_ERROR;
				GCC_WARN_UNDECLARED_SELECTOR = YES;
				GCC_WARN_UNINITIALIZED_AUTOS = YES_AGGRESSIVE;
				GCC_WARN_UNUSED_FUNCTION = YES;
				GCC_WARN_UNUSED_VARIABLE = YES;
				IPHONEOS_DEPLOYMENT_TARGET = 14.0;
				MTL_ENABLE_DEBUG_INFO = INCLUDE_SOURCE;
				MTL_FAST_MATH = YES;
				ONLY_ACTIVE_ARCH = YES;
				SDKROOT = iphoneos;
				SWIFT_ACTIVE_COMPILATION_CONDITIONS = DEBUG;
				SWIFT_OPTIMIZATION_LEVEL = "-Onone";
			};
			name = Debug;
		};
		92B10852253A9FE1004B9D33 /* Release */ = {
			isa = XCBuildConfiguration;
			buildSettings = {
				ALWAYS_SEARCH_USER_PATHS = NO;
				CLANG_ANALYZER_NONNULL = YES;
				CLANG_ANALYZER_NUMBER_OBJECT_CONVERSION = YES_AGGRESSIVE;
				CLANG_CXX_LANGUAGE_STANDARD = "gnu++14";
				CLANG_CXX_LIBRARY = "libc++";
				CLANG_ENABLE_MODULES = YES;
				CLANG_ENABLE_OBJC_ARC = YES;
				CLANG_ENABLE_OBJC_WEAK = YES;
				CLANG_WARN_BLOCK_CAPTURE_AUTORELEASING = YES;
				CLANG_WARN_BOOL_CONVERSION = YES;
				CLANG_WARN_COMMA = YES;
				CLANG_WARN_CONSTANT_CONVERSION = YES;
				CLANG_WARN_DEPRECATED_OBJC_IMPLEMENTATIONS = YES;
				CLANG_WARN_DIRECT_OBJC_ISA_USAGE = YES_ERROR;
				CLANG_WARN_DOCUMENTATION_COMMENTS = YES;
				CLANG_WARN_EMPTY_BODY = YES;
				CLANG_WARN_ENUM_CONVERSION = YES;
				CLANG_WARN_INFINITE_RECURSION = YES;
				CLANG_WARN_INT_CONVERSION = YES;
				CLANG_WARN_NON_LITERAL_NULL_CONVERSION = YES;
				CLANG_WARN_OBJC_IMPLICIT_RETAIN_SELF = YES;
				CLANG_WARN_OBJC_LITERAL_CONVERSION = YES;
				CLANG_WARN_OBJC_ROOT_CLASS = YES_ERROR;
				CLANG_WARN_QUOTED_INCLUDE_IN_FRAMEWORK_HEADER = YES;
				CLANG_WARN_RANGE_LOOP_ANALYSIS = YES;
				CLANG_WARN_STRICT_PROTOTYPES = YES;
				CLANG_WARN_SUSPICIOUS_MOVE = YES;
				CLANG_WARN_UNGUARDED_AVAILABILITY = YES_AGGRESSIVE;
				CLANG_WARN_UNREACHABLE_CODE = YES;
				CLANG_WARN__DUPLICATE_METHOD_MATCH = YES;
				COPY_PHASE_STRIP = NO;
				DEBUG_INFORMATION_FORMAT = "dwarf-with-dsym";
				ENABLE_NS_ASSERTIONS = NO;
				ENABLE_STRICT_OBJC_MSGSEND = YES;
				GCC_C_LANGUAGE_STANDARD = gnu11;
				GCC_NO_COMMON_BLOCKS = YES;
				GCC_WARN_64_TO_32_BIT_CONVERSION = YES;
				GCC_WARN_ABOUT_RETURN_TYPE = YES_ERROR;
				GCC_WARN_UNDECLARED_SELECTOR = YES;
				GCC_WARN_UNINITIALIZED_AUTOS = YES_AGGRESSIVE;
				GCC_WARN_UNUSED_FUNCTION = YES;
				GCC_WARN_UNUSED_VARIABLE = YES;
				IPHONEOS_DEPLOYMENT_TARGET = 14.0;
				MTL_ENABLE_DEBUG_INFO = NO;
				MTL_FAST_MATH = YES;
				SDKROOT = iphoneos;
				SWIFT_COMPILATION_MODE = wholemodule;
				SWIFT_OPTIMIZATION_LEVEL = "-O";
				VALIDATE_PRODUCT = YES;
			};
			name = Release;
		};
		92B10854253A9FE1004B9D33 /* Debug */ = {
			isa = XCBuildConfiguration;
			buildSettings = {
				ASSETCATALOG_COMPILER_APPICON_NAME = AppIcon;
				ASSETCATALOG_COMPILER_GLOBAL_ACCENT_COLOR_NAME = AccentColor;
				CODE_SIGN_STYLE = Automatic;
				INFOPLIST_FILE = BankApp/Info.plist;
				LD_RUNPATH_SEARCH_PATHS = (
					"$(inherited)",
					"@executable_path/Frameworks",
				);
				PRODUCT_BUNDLE_IDENTIFIER = io.github.arifinfrds.BankApp;
				PRODUCT_NAME = "$(TARGET_NAME)";
				SWIFT_VERSION = 5.0;
				TARGETED_DEVICE_FAMILY = "1,2";
			};
			name = Debug;
		};
		92B10855253A9FE1004B9D33 /* Release */ = {
			isa = XCBuildConfiguration;
			buildSettings = {
				ASSETCATALOG_COMPILER_APPICON_NAME = AppIcon;
				ASSETCATALOG_COMPILER_GLOBAL_ACCENT_COLOR_NAME = AccentColor;
				CODE_SIGN_STYLE = Automatic;
				INFOPLIST_FILE = BankApp/Info.plist;
				LD_RUNPATH_SEARCH_PATHS = (
					"$(inherited)",
					"@executable_path/Frameworks",
				);
				PRODUCT_BUNDLE_IDENTIFIER = io.github.arifinfrds.BankApp;
				PRODUCT_NAME = "$(TARGET_NAME)";
				SWIFT_VERSION = 5.0;
				TARGETED_DEVICE_FAMILY = "1,2";
			};
			name = Release;
		};
		92B10857253A9FE1004B9D33 /* Debug */ = {
			isa = XCBuildConfiguration;
			buildSettings = {
				ALWAYS_EMBED_SWIFT_STANDARD_LIBRARIES = YES;
				BUNDLE_LOADER = "$(TEST_HOST)";
				CODE_SIGN_STYLE = Automatic;
				INFOPLIST_FILE = BankAppTests/Info.plist;
				IPHONEOS_DEPLOYMENT_TARGET = 14.0;
				LD_RUNPATH_SEARCH_PATHS = (
					"$(inherited)",
					"@executable_path/Frameworks",
					"@loader_path/Frameworks",
				);
				PRODUCT_BUNDLE_IDENTIFIER = io.github.arifinfrds.BankAppTests;
				PRODUCT_NAME = "$(TARGET_NAME)";
				SWIFT_VERSION = 5.0;
				TARGETED_DEVICE_FAMILY = "1,2";
				TEST_HOST = "$(BUILT_PRODUCTS_DIR)/BankApp.app/BankApp";
			};
			name = Debug;
		};
		92B10858253A9FE1004B9D33 /* Release */ = {
			isa = XCBuildConfiguration;
			buildSettings = {
				ALWAYS_EMBED_SWIFT_STANDARD_LIBRARIES = YES;
				BUNDLE_LOADER = "$(TEST_HOST)";
				CODE_SIGN_STYLE = Automatic;
				INFOPLIST_FILE = BankAppTests/Info.plist;
				IPHONEOS_DEPLOYMENT_TARGET = 14.0;
				LD_RUNPATH_SEARCH_PATHS = (
					"$(inherited)",
					"@executable_path/Frameworks",
					"@loader_path/Frameworks",
				);
				PRODUCT_BUNDLE_IDENTIFIER = io.github.arifinfrds.BankAppTests;
				PRODUCT_NAME = "$(TARGET_NAME)";
				SWIFT_VERSION = 5.0;
				TARGETED_DEVICE_FAMILY = "1,2";
				TEST_HOST = "$(BUILT_PRODUCTS_DIR)/BankApp.app/BankApp";
			};
			name = Release;
		};
		92B1085A253A9FE1004B9D33 /* Debug */ = {
			isa = XCBuildConfiguration;
			buildSettings = {
				ALWAYS_EMBED_SWIFT_STANDARD_LIBRARIES = YES;
				CODE_SIGN_STYLE = Automatic;
				INFOPLIST_FILE = BankAppUITests/Info.plist;
				LD_RUNPATH_SEARCH_PATHS = (
					"$(inherited)",
					"@executable_path/Frameworks",
					"@loader_path/Frameworks",
				);
				PRODUCT_BUNDLE_IDENTIFIER = io.github.arifinfrds.BankAppUITests;
				PRODUCT_NAME = "$(TARGET_NAME)";
				SWIFT_VERSION = 5.0;
				TARGETED_DEVICE_FAMILY = "1,2";
				TEST_TARGET_NAME = BankApp;
			};
			name = Debug;
		};
		92B1085B253A9FE1004B9D33 /* Release */ = {
			isa = XCBuildConfiguration;
			buildSettings = {
				ALWAYS_EMBED_SWIFT_STANDARD_LIBRARIES = YES;
				CODE_SIGN_STYLE = Automatic;
				INFOPLIST_FILE = BankAppUITests/Info.plist;
				LD_RUNPATH_SEARCH_PATHS = (
					"$(inherited)",
					"@executable_path/Frameworks",
					"@loader_path/Frameworks",
				);
				PRODUCT_BUNDLE_IDENTIFIER = io.github.arifinfrds.BankAppUITests;
				PRODUCT_NAME = "$(TARGET_NAME)";
				SWIFT_VERSION = 5.0;
				TARGETED_DEVICE_FAMILY = "1,2";
				TEST_TARGET_NAME = BankApp;
			};
			name = Release;
		};
/* End XCBuildConfiguration section */

/* Begin XCConfigurationList section */
		92B10824253A9FE0004B9D33 /* Build configuration list for PBXProject "BankApp" */ = {
			isa = XCConfigurationList;
			buildConfigurations = (
				92B10851253A9FE1004B9D33 /* Debug */,
				92B10852253A9FE1004B9D33 /* Release */,
			);
			defaultConfigurationIsVisible = 0;
			defaultConfigurationName = Release;
		};
		92B10853253A9FE1004B9D33 /* Build configuration list for PBXNativeTarget "BankApp" */ = {
			isa = XCConfigurationList;
			buildConfigurations = (
				92B10854253A9FE1004B9D33 /* Debug */,
				92B10855253A9FE1004B9D33 /* Release */,
			);
			defaultConfigurationIsVisible = 0;
			defaultConfigurationName = Release;
		};
		92B10856253A9FE1004B9D33 /* Build configuration list for PBXNativeTarget "BankAppTests" */ = {
			isa = XCConfigurationList;
			buildConfigurations = (
				92B10857253A9FE1004B9D33 /* Debug */,
				92B10858253A9FE1004B9D33 /* Release */,
			);
			defaultConfigurationIsVisible = 0;
			defaultConfigurationName = Release;
		};
		92B10859253A9FE1004B9D33 /* Build configuration list for PBXNativeTarget "BankAppUITests" */ = {
			isa = XCConfigurationList;
			buildConfigurations = (
				92B1085A253A9FE1004B9D33 /* Debug */,
				92B1085B253A9FE1004B9D33 /* Release */,
			);
			defaultConfigurationIsVisible = 0;
			defaultConfigurationName = Release;
		};
/* End XCConfigurationList section */
	};
	rootObject = 92B10821253A9FE0004B9D33 /* Project object */;
}
